
Microsoft Visual Studio Solution File, Format Version 12.00
# Visual Studio 15
VisualStudioVersion = 15.0.27428.2005
MinimumVisualStudioVersion = 10.0.40219.1
Project("{FAE04EC0-301F-11D3-BF4B-00C04F79EFBC}") = "OnlineShop", "OnlineShop\OnlineShop.csproj", "{519F1319-7D2D-409E-AC45-03C7213509B8}"
EndProject
Global
	GlobalSection(SolutionConfigurationPlatforms) = preSolution
		Debug|Any CPU = Debug|Any CPU
		Release|Any CPU = Release|Any CPU
	EndGlobalSection
	GlobalSection(ProjectConfigurationPlatforms) = postSolution
		{519F1319-7D2D-409E-AC45-03C7213509B8}.Debug|Any CPU.ActiveCfg = Debug|Any CPU
		{519F1319-7D2D-409E-AC45-03C7213509B8}.Debug|Any CPU.Build.0 = Debug|Any CPU
		{519F1319-7D2D-409E-AC45-03C7213509B8}.Release|Any CPU.ActiveCfg = Release|Any CPU
		{519F1319-7D2D-409E-AC45-03C7213509B8}.Release|Any CPU.Build.0 = Release|Any CPU
	EndGlobalSection
	GlobalSection(SolutionProperties) = preSolution
		HideSolutionNode = FALSE
	EndGlobalSection
	GlobalSection(ExtensibilityGlobals) = postSolution
		SolutionGuid = {72F6FCC2-4703-44AE-8172-F8F19529E63F}
	EndGlobalSection
EndGlobal
